<?xml version="1.0" encoding="utf-8"?>
<Project ToolsVersion="4.0" xmlns="http://schemas.microsoft.com/developer/msbuild/2003">
  <ItemGroup>
    <Filter Include="Source Files">
      <UniqueIdentifier>{4FC737F1-C7A5-4376-A066-2A32D752A2FF}</UniqueIdentifier>
      <Extensions>cpp;c;cc;cxx;c++;def;odl;idl;hpj;bat;asm;asmx</Extensions>
    </Filter>
    <Filter Include="Header Files">
      <UniqueIdentifier>{93995380-89BD-4b04-88EB-625FBE52EBFB}</UniqueIdentifier>
      <Extensions>h;hh;hpp;hxx;h++;hm;inl;inc;ipp;xsd</Extensions>
    </Filter>
    <Filter Include="Resource Files">
      <UniqueIdentifier>{67DA6AB6-F800-4c08-8B7A-83BB121AAD01}</UniqueIdentifier>
      <Extensions>rc;ico;cur;bmp;dlg;rc2;rct;bin;rgs;gif;jpg;jpeg;jpe;resx;tiff;tif;png;wav;mfcribbon-ms</Extensions>
    </Filter>
    <Filter Include="Header Files\features">
      <UniqueIdentifier>{930bac85-c564-49ac-b8a6-f31997c820a3}</UniqueIdentifier>
    </Filter>
    <Filter Include="Source Files\features">
      <UniqueIdentifier>{f78d9eda-132e-4b5e-813b-c9947224515b}</UniqueIdentifier>
    </Filter>
    <Filter Include="Header Files\csgo-sdk">
      <UniqueIdentifier>{aea11788-57ff-4dec-a01b-6b9bb593852e}</UniqueIdentifier>
    </Filter>
    <Filter Include="Recycle bin">
      <UniqueIdentifier>{f358a5f3-b356-4021-9550-576643137fff}</UniqueIdentifier>
    </Filter>
  </ItemGroup>
  <ItemGroup>
    <ClInclude Include="drawing.h">
      <Filter>Header Files</Filter>
    </ClInclude>
    <ClInclude Include="gamehooks.h">
      <Filter>Header Files</Filter>
    </ClInclude>
    <ClInclude Include="entity.h">
      <Filter>Header Files</Filter>
    </ClInclude>
    <ClInclude Include="entity-old.h">
      <Filter>Recycle bin</Filter>
    </ClInclude>
    <ClInclude Include="math.h">
      <Filter>Header Files</Filter>
    </ClInclude>
    <ClInclude Include="variables.h">
      <Filter>Header Files</Filter>
    </ClInclude>
    <ClInclude Include="tramphook.h">
      <Filter>Header Files</Filter>
    </ClInclude>
    <ClInclude Include="directx.h">
      <Filter>Header Files</Filter>
    </ClInclude>
    <ClInclude Include="includes.h">
      <Filter>Recycle bin</Filter>
    </ClInclude>
    <ClInclude Include="utilities.h">
      <Filter>Header Files</Filter>
    </ClInclude>
    <ClInclude Include="config.h">
      <Filter>Header Files</Filter>
    </ClInclude>
    <ClInclude Include="iterators.h">
      <Filter>Header Files</Filter>
    </ClInclude>
    <ClInclude Include="csgo-sdk\cdll_int.h">
      <Filter>Header Files\csgo-sdk</Filter>
    </ClInclude>
    <ClInclude Include="csgo-sdk\client_class.h">
      <Filter>Header Files\csgo-sdk</Filter>
    </ClInclude>
    <ClInclude Include="csgo-sdk\csgo-Vector.h">
      <Filter>Header Files\csgo-sdk</Filter>
    </ClInclude>
    <ClInclude Include="csgo-sdk\dt_recv.h">
      <Filter>Header Files\csgo-sdk</Filter>
    </ClInclude>
    <ClInclude Include="csgo-sdk\IClientEntityList.h">
      <Filter>Header Files\csgo-sdk</Filter>
    </ClInclude>
    <ClInclude Include="csgo-sdk\IClientRenderable.h">
      <Filter>Header Files\csgo-sdk</Filter>
    </ClInclude>
    <ClInclude Include="csgo-sdk\IVModelInfo.h">
      <Filter>Header Files\csgo-sdk</Filter>
    </ClInclude>
    <ClInclude Include="csgo-sdk\QAngle.h">
      <Filter>Header Files\csgo-sdk</Filter>
    </ClInclude>
    <ClInclude Include="csgo-sdk\Studio.h">
      <Filter>Header Files\csgo-sdk</Filter>
    </ClInclude>
    <ClInclude Include="csgo-sdk\traceline.h">
      <Filter>Header Files\csgo-sdk</Filter>
    </ClInclude>
    <ClInclude Include="csgo-sdk\vector.h">
      <Filter>Header Files\csgo-sdk</Filter>
    </ClInclude>
    <ClInclude Include="csgo-sdk\VMatrix.h">
      <Filter>Header Files\csgo-sdk</Filter>
    </ClInclude>
    <ClInclude Include="features\esp.h">
      <Filter>Header Files\features</Filter>
    </ClInclude>
  </ItemGroup>
  <ItemGroup>
    <ClCompile Include="dllmain.cpp">
      <Filter>Source Files</Filter>
    </ClCompile>
    <ClCompile Include="drawing.cpp">
      <Filter>Source Files</Filter>
    </ClCompile>
    <ClCompile Include="gamehooks.cpp">
      <Filter>Source Files</Filter>
    </ClCompile>
    <ClCompile Include="vector.cpp">
      <Filter>Source Files</Filter>
    </ClCompile>
    <ClCompile Include="entity.cpp">
      <Filter>Source Files</Filter>
    </ClCompile>
    <ClCompile Include="utilities.cpp">
      <Filter>Source Files</Filter>
    </ClCompile>
    <ClCompile Include="variables.cpp">
      <Filter>Source Files</Filter>
    </ClCompile>
    <ClCompile Include="tramphook.cpp">
      <Filter>Source Files</Filter>
    </ClCompile>
    <ClCompile Include="directx.cpp">
      <Filter>Source Files</Filter>
    </ClCompile>
    <ClCompile Include="features\esp.cpp">
      <Filter>Source Files\features</Filter>
    </ClCompile>
  </ItemGroup>
</Project>